// !$*UTF8*$!
{
	archiveVersion = 1;
	classes = {
	};
	objectVersion = 50;
	objects = {

/* Begin PBXBuildFile section */
		A3A30D8022F461CE00292C2E /* AppDelegate.swift in Sources */ = {isa = PBXBuildFile; fileRef = A3A30D7F22F461CE00292C2E /* AppDelegate.swift */; };
		A3A30D8522F461CE00292C2E /* Main.storyboard in Resources */ = {isa = PBXBuildFile; fileRef = A3A30D8322F461CE00292C2E /* Main.storyboard */; };
		A3A30D8722F461D000292C2E /* Assets.xcassets in Resources */ = {isa = PBXBuildFile; fileRef = A3A30D8622F461D000292C2E /* Assets.xcassets */; };
		A3A30D8A22F461D000292C2E /* LaunchScreen.storyboard in Resources */ = {isa = PBXBuildFile; fileRef = A3A30D8822F461D000292C2E /* LaunchScreen.storyboard */; };
		A3A30D9422F4623800292C2E /* NearbyDevicesVC.swift in Sources */ = {isa = PBXBuildFile; fileRef = A3A30D9322F4623800292C2E /* NearbyDevicesVC.swift */; };
		A3A30D9622F4640800292C2E /* BTManager.swift in Sources */ = {isa = PBXBuildFile; fileRef = A3A30D9522F4640800292C2E /* BTManager.swift */; };
		A3A30D9822F4674200292C2E /* BTUUIDs.swift in Sources */ = {isa = PBXBuildFile; fileRef = A3A30D9722F4674200292C2E /* BTUUIDs.swift */; };
		A3A30D9A22F467D600292C2E /* BTUtils.swift in Sources */ = {isa = PBXBuildFile; fileRef = A3A30D9922F467D600292C2E /* BTUtils.swift */; };
		A3A30D9C22F468F000292C2E /* BTDevice.swift in Sources */ = {isa = PBXBuildFile; fileRef = A3A30D9B22F468F000292C2E /* BTDevice.swift */; };
		A3A30D9E22F476A900292C2E /* DeviceVC.swift in Sources */ = {isa = PBXBuildFile; fileRef = A3A30D9D22F476A900292C2E /* DeviceVC.swift */; };
/* End PBXBuildFile section */

/* Begin PBXFileReference section */
		A3A30D7C22F461CE00292C2E /* iTag.app */ = {isa = PBXFileReference; explicitFileType = wrapper.application; includeInIndex = 0; path = iTag.app; sourceTree = BUILT_PRODUCTS_DIR; };
		A3A30D7F22F461CE00292C2E /* AppDelegate.swift */ = {isa = PBXFileReference; lastKnownFileType = sourcecode.swift; path = AppDelegate.swift; sourceTree = "<group>"; };
		A3A30D8422F461CE00292C2E /* Base */ = {isa = PBXFileReference; lastKnownFileType = file.storyboard; name = Base; path = Base.lproj/Main.storyboard; sourceTree = "<group>"; };
		A3A30D8622F461D000292C2E /* Assets.xcassets */ = {isa = PBXFileReference; lastKnownFileType = folder.assetcatalog; path = Assets.xcassets; sourceTree = "<group>"; };
		A3A30D8922F461D000292C2E /* Base */ = {isa = PBXFileReference; lastKnownFileType = file.storyboard; name = Base; path = Base.lproj/LaunchScreen.storyboard; sourceTree = "<group>"; };
		A3A30D8B22F461D000292C2E /* Info.plist */ = {isa = PBXFileReference; lastKnownFileType = text.plist.xml; path = Info.plist; sourceTree = "<group>"; };
		A3A30D9322F4623800292C2E /* NearbyDevicesVC.swift */ = {isa = PBXFileReference; lastKnownFileType = sourcecode.swift; path = NearbyDevicesVC.swift; sourceTree = "<group>"; };
		A3A30D9522F4640800292C2E /* BTManager.swift */ = {isa = PBXFileReference; lastKnownFileType = sourcecode.swift; path = BTManager.swift; sourceTree = "<group>"; };
		A3A30D9722F4674200292C2E /* BTUUIDs.swift */ = {isa = PBXFileReference; lastKnownFileType = sourcecode.swift; path = BTUUIDs.swift; sourceTree = "<group>"; };
		A3A30D9922F467D600292C2E /* BTUtils.swift */ = {isa = PBXFileReference; lastKnownFileType = sourcecode.swift; path = BTUtils.swift; sourceTree = "<group>"; };
		A3A30D9B22F468F000292C2E /* BTDevice.swift */ = {isa = PBXFileReference; lastKnownFileType = sourcecode.swift; path = BTDevice.swift; sourceTree = "<group>"; };
		A3A30D9D22F476A900292C2E /* DeviceVC.swift */ = {isa = PBXFileReference; lastKnownFileType = sourcecode.swift; path = DeviceVC.swift; sourceTree = "<group>"; };
		A3A30D9F22F484AB00292C2E /* iTag.entitlements */ = {isa = PBXFileReference; lastKnownFileType = text.plist.entitlements; path = iTag.entitlements; sourceTree = "<group>"; };
/* End PBXFileReference section */

/* Begin PBXFrameworksBuildPhase section */
		A3A30D7922F461CE00292C2E /* Frameworks */ = {
			isa = PBXFrameworksBuildPhase;
			buildActionMask = 2147483647;
			files = (
			);
			runOnlyForDeploymentPostprocessing = 0;
		};
/* End PBXFrameworksBuildPhase section */

/* Begin PBXGroup section */
		A3A30D7322F461CD00292C2E = {
			isa = PBXGroup;
			children = (
				A3A30D7E22F461CE00292C2E /* iTag */,
				A3A30D7D22F461CE00292C2E /* Products */,
				A3A30DA022F484AB00292C2E /* Frameworks */,
			);
			sourceTree = "<group>";
		};
		A3A30D7D22F461CE00292C2E /* Products */ = {
			isa = PBXGroup;
			children = (
				A3A30D7C22F461CE00292C2E /* iTag.app */,
			);
			name = Products;
			sourceTree = "<group>";
		};
		A3A30D7E22F461CE00292C2E /* iTag */ = {
			isa = PBXGroup;
			children = (
				A3A30D9F22F484AB00292C2E /* iTag.entitlements */,
				A3A30D9222F4622100292C2E /* Bluetooth */,
				A3A30D9122F4621900292C2E /* UI */,
				A3A30D7F22F461CE00292C2E /* AppDelegate.swift */,
				A3A30D8322F461CE00292C2E /* Main.storyboard */,
				A3A30D8622F461D000292C2E /* Assets.xcassets */,
				A3A30D8822F461D000292C2E /* LaunchScreen.storyboard */,
				A3A30D8B22F461D000292C2E /* Info.plist */,
			);
			path = iTag;
			sourceTree = "<group>";
		};
		A3A30D9122F4621900292C2E /* UI */ = {
			isa = PBXGroup;
			children = (
				A3A30D9322F4623800292C2E /* NearbyDevicesVC.swift */,
				A3A30D9D22F476A900292C2E /* DeviceVC.swift */,
			);
			path = UI;
			sourceTree = "<group>";
		};
		A3A30D9222F4622100292C2E /* Bluetooth */ = {
			isa = PBXGroup;
			children = (
				A3A30D9522F4640800292C2E /* BTManager.swift */,
				A3A30D9722F4674200292C2E /* BTUUIDs.swift */,
				A3A30D9922F467D600292C2E /* BTUtils.swift */,
				A3A30D9B22F468F000292C2E /* BTDevice.swift */,
			);
			path = Bluetooth;
			sourceTree = "<group>";
		};
		A3A30DA022F484AB00292C2E /* Frameworks */ = {
			isa = PBXGroup;
			children = (
			);
			name = Frameworks;
			sourceTree = "<group>";
		};
/* End PBXGroup section */

/* Begin PBXNativeTarget section */
		A3A30D7B22F461CE00292C2E /* iTag */ = {
			isa = PBXNativeTarget;
			buildConfigurationList = A3A30D8E22F461D000292C2E /* Build configuration list for PBXNativeTarget "iTag" */;
			buildPhases = (
				A3A30D7822F461CE00292C2E /* Sources */,
				A3A30D7922F461CE00292C2E /* Frameworks */,
				A3A30D7A22F461CE00292C2E /* Resources */,
			);
			buildRules = (
			);
			dependencies = (
			);
			name = iTag;
			productName = iTag;
			productReference = A3A30D7C22F461CE00292C2E /* iTag.app */;
			productType = "com.apple.product-type.application";
		};
/* End PBXNativeTarget section */

/* Begin PBXProject section */
		A3A30D7422F461CE00292C2E /* Project object */ = {
			isa = PBXProject;
			attributes = {
				LastSwiftUpdateCheck = 1020;
				LastUpgradeCheck = 1020;
				ORGANIZATIONNAME = issd;
				TargetAttributes = {
					A3A30D7B22F461CE00292C2E = {
						CreatedOnToolsVersion = 10.2.1;
						SystemCapabilities = {
							com.apple.BackgroundModes = {
								enabled = 1;
							};
							com.apple.HomeKit = {
								enabled = 0;
							};
							com.apple.WAC = {
								enabled = 0;
							};
						};
					};
				};
			};
			buildConfigurationList = A3A30D7722F461CE00292C2E /* Build configuration list for PBXProject "iTag" */;
			compatibilityVersion = "Xcode 9.3";
			developmentRegion = en;
			hasScannedForEncodings = 0;
			knownRegions = (
				en,
				Base,
			);
			mainGroup = A3A30D7322F461CD00292C2E;
			productRefGroup = A3A30D7D22F461CE00292C2E /* Products */;
			projectDirPath = "";
			projectRoot = "";
			targets = (
				A3A30D7B22F461CE00292C2E /* iTag */,
			);
		};
/* End PBXProject section */

/* Begin PBXResourcesBuildPhase section */
		A3A30D7A22F461CE00292C2E /* Resources */ = {
			isa = PBXResourcesBuildPhase;
			buildActionMask = 2147483647;
			files = (
				A3A30D8A22F461D000292C2E /* LaunchScreen.storyboard in Resources */,
				A3A30D8722F461D000292C2E /* Assets.xcassets in Resources */,
				A3A30D8522F461CE00292C2E /* Main.storyboard in Resources */,
			);
			runOnlyForDeploymentPostprocessing = 0;
		};
/* End PBXResourcesBuildPhase section */

/* Begin PBXSourcesBuildPhase section */
		A3A30D7822F461CE00292C2E /* Sources */ = {
			isa = PBXSourcesBuildPhase;
			buildActionMask = 2147483647;
			files = (
				A3A30D9822F4674200292C2E /* BTUUIDs.swift in Sources */,
				A3A30D9A22F467D600292C2E /* BTUtils.swift in Sources */,
				A3A30D9E22F476A900292C2E /* DeviceVC.swift in Sources */,
				A3A30D9C22F468F000292C2E /* BTDevice.swift in Sources */,
				A3A30D9422F4623800292C2E /* NearbyDevicesVC.swift in Sources */,
				A3A30D8022F461CE00292C2E /* AppDelegate.swift in Sources */,
				A3A30D9622F4640800292C2E /* BTManager.swift in Sources */,
			);
			runOnlyForDeploymentPostprocessing = 0;
		};
/* End PBXSourcesBuildPhase section */

/* Begin PBXVariantGroup section */
		A3A30D8322F461CE00292C2E /* Main.storyboard */ = {
			isa = PBXVariantGroup;
			children = (
				A3A30D8422F461CE00292C2E /* Base */,
			);
			name = Main.storyboard;
			sourceTree = "<group>";
		};
		A3A30D8822F461D000292C2E /* LaunchScreen.storyboard */ = {
			isa = PBXVariantGroup;
			children = (
				A3A30D8922F461D000292C2E /* Base */,
			);
			name = LaunchScreen.storyboard;
			sourceTree = "<group>";
		};
/* End PBXVariantGroup section */

/* Begin XCBuildConfiguration section */
		A3A30D8C22F461D000292C2E /* Debug */ = {
			isa = XCBuildConfiguration;
			buildSettings = {
				ALWAYS_SEARCH_USER_PATHS = NO;
				CLANG_ANALYZER_NONNULL = YES;
				CLANG_ANALYZER_NUMBER_OBJECT_CONVERSION = YES_AGGRESSIVE;
				CLANG_CXX_LANGUAGE_STANDARD = "gnu++14";
				CLANG_CXX_LIBRARY = "libc++";
				CLANG_ENABLE_MODULES = YES;
				CLANG_ENABLE_OBJC_ARC = YES;
				CLANG_ENABLE_OBJC_WEAK = YES;
				CLANG_WARN_BLOCK_CAPTURE_AUTORELEASING = YES;
				CLANG_WARN_BOOL_CONVERSION = YES;
				CLANG_WARN_COMMA = YES;
				CLANG_WARN_CONSTANT_CONVERSION = YES;
				CLANG_WARN_DEPRECATED_OBJC_IMPLEMENTATIONS = YES;
				CLANG_WARN_DIRECT_OBJC_ISA_USAGE = YES_ERROR;
				CLANG_WARN_DOCUMENTATION_COMMENTS = YES;
				CLANG_WARN_EMPTY_BODY = YES;
				CLANG_WARN_ENUM_CONVERSION = YES;
				CLANG_WARN_INFINITE_RECURSION = YES;
				CLANG_WARN_INT_CONVERSION = YES;
				CLANG_WARN_NON_LITERAL_NULL_CONVERSION = YES;
				CLANG_WARN_OBJC_IMPLICIT_RETAIN_SELF = YES;
				CLANG_WARN_OBJC_LITERAL_CONVERSION = YES;
				CLANG_WARN_OBJC_ROOT_CLASS = YES_ERROR;
				CLANG_WARN_RANGE_LOOP_ANALYSIS = YES;
				CLANG_WARN_STRICT_PROTOTYPES = YES;
				CLANG_WARN_SUSPICIOUS_MOVE = YES;
				CLANG_WARN_UNGUARDED_AVAILABILITY = YES_AGGRESSIVE;
				CLANG_WARN_UNREACHABLE_CODE = YES;
				CLANG_WARN__DUPLICATE_METHOD_MATCH = YES;
				CODE_SIGN_IDENTITY = "iPhone Developer";
				COPY_PHASE_STRIP = NO;
				DEBUG_INFORMATION_FORMAT = dwarf;
				ENABLE_STRICT_OBJC_MSGSEND = YES;
				ENABLE_TESTABILITY = YES;
				GCC_C_LANGUAGE_STANDARD = gnu11;
				GCC_DYNAMIC_NO_PIC = NO;
				GCC_NO_COMMON_BLOCKS = YES;
				GCC_OPTIMIZATION_LEVEL = 0;
				GCC_PREPROCESSOR_DEFINITIONS = (
					"DEBUG=1",
					"$(inherited)",
				);
				GCC_WARN_64_TO_32_BIT_CONVERSION = YES;
				GCC_WARN_ABOUT_RETURN_TYPE = YES_ERROR;
				GCC_WARN_UNDECLARED_SELECTOR = YES;
				GCC_WARN_UNINITIALIZED_AUTOS = YES_AGGRESSIVE;
				GCC_WARN_UNUSED_FUNCTION = YES;
				GCC_WARN_UNUSED_VARIABLE = YES;
				IPHONEOS_DEPLOYMENT_TARGET = 12.2;
				MTL_ENABLE_DEBUG_INFO = INCLUDE_SOURCE;
				MTL_FAST_MATH = YES;
				ONLY_ACTIVE_ARCH = YES;
				SDKROOT = iphoneos;
				SWIFT_ACTIVE_COMPILATION_CONDITIONS = DEBUG;
				SWIFT_OPTIMIZATION_LEVEL = "-Onone";
			};
			name = Debug;
		};
		A3A30D8D22F461D000292C2E /* Release */ = {
			isa = XCBuildConfiguration;
			buildSettings = {
				ALWAYS_SEARCH_USER_PATHS = NO;
				CLANG_ANALYZER_NONNULL = YES;
				CLANG_ANALYZER_NUMBER_OBJECT_CONVERSION = YES_AGGRESSIVE;
				CLANG_CXX_LANGUAGE_STANDARD = "gnu++14";
				CLANG_CXX_LIBRARY = "libc++";
				CLANG_ENABLE_MODULES = YES;
				CLANG_ENABLE_OBJC_ARC = YES;
				CLANG_ENABLE_OBJC_WEAK = YES;
				CLANG_WARN_BLOCK_CAPTURE_AUTORELEASING = YES;
				CLANG_WARN_BOOL_CONVERSION = YES;
				CLANG_WARN_COMMA = YES;
				CLANG_WARN_CONSTANT_CONVERSION = YES;
				CLANG_WARN_DEPRECATED_OBJC_IMPLEMENTATIONS = YES;
				CLANG_WARN_DIRECT_OBJC_ISA_USAGE = YES_ERROR;
				CLANG_WARN_DOCUMENTATION_COMMENTS = YES;
				CLANG_WARN_EMPTY_BODY = YES;
				CLANG_WARN_ENUM_CONVERSION = YES;
				CLANG_WARN_INFINITE_RECURSION = YES;
				CLANG_WARN_INT_CONVERSION = YES;
				CLANG_WARN_NON_LITERAL_NULL_CONVERSION = YES;
				CLANG_WARN_OBJC_IMPLICIT_RETAIN_SELF = YES;
				CLANG_WARN_OBJC_LITERAL_CONVERSION = YES;
				CLANG_WARN_OBJC_ROOT_CLASS = YES_ERROR;
				CLANG_WARN_RANGE_LOOP_ANALYSIS = YES;
				CLANG_WARN_STRICT_PROTOTYPES = YES;
				CLANG_WARN_SUSPICIOUS_MOVE = YES;
				CLANG_WARN_UNGUARDED_AVAILABILITY = YES_AGGRESSIVE;
				CLANG_WARN_UNREACHABLE_CODE = YES;
				CLANG_WARN__DUPLICATE_METHOD_MATCH = YES;
				CODE_SIGN_IDENTITY = "iPhone Developer";
				COPY_PHASE_STRIP = NO;
				DEBUG_INFORMATION_FORMAT = "dwarf-with-dsym";
				ENABLE_NS_ASSERTIONS = NO;
				ENABLE_STRICT_OBJC_MSGSEND = YES;
				GCC_C_LANGUAGE_STANDARD = gnu11;
				GCC_NO_COMMON_BLOCKS = YES;
				GCC_WARN_64_TO_32_BIT_CONVERSION = YES;
				GCC_WARN_ABOUT_RETURN_TYPE = YES_ERROR;
				GCC_WARN_UNDECLARED_SELECTOR = YES;
				GCC_WARN_UNINITIALIZED_AUTOS = YES_AGGRESSIVE;
				GCC_WARN_UNUSED_FUNCTION = YES;
				GCC_WARN_UNUSED_VARIABLE = YES;
				IPHONEOS_DEPLOYMENT_TARGET = 12.2;
				MTL_ENABLE_DEBUG_INFO = NO;
				MTL_FAST_MATH = YES;
				SDKROOT = iphoneos;
				SWIFT_COMPILATION_MODE = wholemodule;
				SWIFT_OPTIMIZATION_LEVEL = "-O";
				VALIDATE_PRODUCT = YES;
			};
			name = Release;
		};
		A3A30D8F22F461D000292C2E /* Debug */ = {
			isa = XCBuildConfiguration;
			buildSettings = {
				ASSETCATALOG_COMPILER_APPICON_NAME = AppIcon;
				CODE_SIGN_STYLE = Automatic;
				DEVELOPMENT_TEAM = 3K7BQC5DP9;
				INFOPLIST_FILE = iTag/Info.plist;
				LD_RUNPATH_SEARCH_PATHS = (
					"$(inherited)",
					"@executable_path/Frameworks",
				);
				PRODUCT_BUNDLE_IDENTIFIER = pl.issd.iTag;
				PRODUCT_NAME = "$(TARGET_NAME)";
				SWIFT_VERSION = 5.0;
				TARGETED_DEVICE_FAMILY = "1,2";
			};
			name = Debug;
		};
		A3A30D9022F461D000292C2E /* Release */ = {
			isa = XCBuildConfiguration;
			buildSettings = {
				ASSETCATALOG_COMPILER_APPICON_NAME = AppIcon;
				CODE_SIGN_STYLE = Automatic;
				DEVELOPMENT_TEAM = 3K7BQC5DP9;
				INFOPLIST_FILE = iTag/Info.plist;
				LD_RUNPATH_SEARCH_PATHS = (
					"$(inherited)",
					"@executable_path/Frameworks",
				);
				PRODUCT_BUNDLE_IDENTIFIER = pl.issd.iTag;
				PRODUCT_NAME = "$(TARGET_NAME)";
				SWIFT_VERSION = 5.0;
				TARGETED_DEVICE_FAMILY = "1,2";
			};
			name = Release;
		};
/* End XCBuildConfiguration section */

/* Begin XCConfigurationList section */
		A3A30D7722F461CE00292C2E /* Build configuration list for PBXProject "iTag" */ = {
			isa = XCConfigurationList;
			buildConfigurations = (
				A3A30D8C22F461D000292C2E /* Debug */,
				A3A30D8D22F461D000292C2E /* Release */,
			);
			defaultConfigurationIsVisible = 0;
			defaultConfigurationName = Release;
		};
		A3A30D8E22F461D000292C2E /* Build configuration list for PBXNativeTarget "iTag" */ = {
			isa = XCConfigurationList;
			buildConfigurations = (
				A3A30D8F22F461D000292C2E /* Debug */,
				A3A30D9022F461D000292C2E /* Release */,
			);
			defaultConfigurationIsVisible = 0;
			defaultConfigurationName = Release;
		};
/* End XCConfigurationList section */
	};
	rootObject = A3A30D7422F461CE00292C2E /* Project object */;
}
